
Microsoft Visual Studio Solution File, Format Version 12.00
# Visual Studio 15
VisualStudioVersion = 15.0.27703.2047
MinimumVisualStudioVersion = 10.0.40219.1
Project("{8BC9CEB8-8B4A-11D0-8D11-00A0C91BC942}") = "Project1340", "Project1340\Project1340.vcxproj", "{F99AA82A-D1D0-4382-8EC9-8051BBD80DFB}"
EndProject
Global
	GlobalSection(SolutionConfigurationPlatforms) = preSolution
		Debug|x64 = Debug|x64
		Debug|x86 = Debug|x86
		Release|x64 = Release|x64
		Release|x86 = Release|x86
	EndGlobalSection
	GlobalSection(ProjectConfigurationPlatforms) = postSolution
		{F99AA82A-D1D0-4382-8EC9-8051BBD80DFB}.Debug|x64.ActiveCfg = Debug|x64
		{F99AA82A-D1D0-4382-8EC9-8051BBD80DFB}.Debug|x64.Build.0 = Debug|x64
		{F99AA82A-D1D0-4382-8EC9-8051BBD80DFB}.Debug|x86.ActiveCfg = Debug|Win32
		{F99AA82A-D1D0-4382-8EC9-8051BBD80DFB}.Debug|x86.Build.0 = Debug|Win32
		{F99AA82A-D1D0-4382-8EC9-8051BBD80DFB}.Release|x64.ActiveCfg = Release|x64
		{F99AA82A-D1D0-4382-8EC9-8051BBD80DFB}.Release|x64.Build.0 = Release|x64
		{F99AA82A-D1D0-4382-8EC9-8051BBD80DFB}.Release|x86.ActiveCfg = Release|Win32
		{F99AA82A-D1D0-4382-8EC9-8051BBD80DFB}.Release|x86.Build.0 = Release|Win32
	EndGlobalSection
	GlobalSection(SolutionProperties) = preSolution
		HideSolutionNode = FALSE
	EndGlobalSection
	GlobalSection(ExtensibilityGlobals) = postSolution
		SolutionGuid = {A99FD65B-8B6E-47F1-895F-77B32EB46E89}
	EndGlobalSection
EndGlobal
